<?xml version="1.0" encoding="utf-8"?>
<Project ToolsVersion="4.0" xmlns="http://schemas.microsoft.com/developer/msbuild/2003">
  <ItemGroup>
    <Filter Include="소스 파일">
      <UniqueIdentifier>{4FC737F1-C7A5-4376-A066-2A32D752A2FF}</UniqueIdentifier>
      <Extensions>cpp;c;cc;cxx;def;odl;idl;hpj;bat;asm;asmx</Extensions>
    </Filter>
    <Filter Include="헤더 파일">
      <UniqueIdentifier>{93995380-89BD-4b04-88EB-625FBE52EBFB}</UniqueIdentifier>
      <Extensions>h;hpp;hxx;hm;inl;inc;xsd</Extensions>
    </Filter>
    <Filter Include="리소스 파일">
      <UniqueIdentifier>{67DA6AB6-F800-4c08-8B7A-83BB121AAD01}</UniqueIdentifier>
      <Extensions>rc;ico;cur;bmp;dlg;rc2;rct;bin;rgs;gif;jpg;jpeg;jpe;resx;tiff;tif;png;wav;mfcribbon-ms</Extensions>
    </Filter>
  </ItemGroup>
  <ItemGroup>
    <ClCompile Include="action.cpp">
      <Filter>소스 파일</Filter>
    </ClCompile>
    <ClCompile Include="Astar.cpp">
      <Filter>소스 파일</Filter>
    </ClCompile>
    <ClCompile Include="beam.cpp">
      <Filter>소스 파일</Filter>
    </ClCompile>
    <ClCompile Include="book.cpp">
      <Filter>소스 파일</Filter>
    </ClCompile>
    <ClCompile Include="common.cpp">
      <Filter>소스 파일</Filter>
    </ClCompile>
    <ClCompile Include="const.cpp">
      <Filter>소스 파일</Filter>
    </ClCompile>
    <ClCompile Include="create_item.cpp">
      <Filter>소스 파일</Filter>
    </ClCompile>
    <ClCompile Include="create_mon.cpp">
      <Filter>소스 파일</Filter>
    </ClCompile>
    <ClCompile Include="d3dinit.cpp">
      <Filter>소스 파일</Filter>
    </ClCompile>
    <ClCompile Include="d3dUtility.cpp">
      <Filter>소스 파일</Filter>
    </ClCompile>
    <ClCompile Include="display.cpp">
      <Filter>소스 파일</Filter>
    </ClCompile>
    <ClCompile Include="dump.cpp">
      <Filter>소스 파일</Filter>
    </ClCompile>
    <ClCompile Include="environment.cpp">
      <Filter>소스 파일</Filter>
    </ClCompile>
    <ClCompile Include="equip_action.cpp">
      <Filter>소스 파일</Filter>
    </ClCompile>
    <ClCompile Include="event.cpp">
      <Filter>소스 파일</Filter>
    </ClCompile>
    <ClCompile Include="FSM.cpp">
      <Filter>소스 파일</Filter>
    </ClCompile>
    <ClCompile Include="god.cpp">
      <Filter>소스 파일</Filter>
    </ClCompile>
    <ClCompile Include="god_gift.cpp">
      <Filter>소스 파일</Filter>
    </ClCompile>
    <ClCompile Include="help.cpp">
      <Filter>소스 파일</Filter>
    </ClCompile>
    <ClCompile Include="item.cpp">
      <Filter>소스 파일</Filter>
    </ClCompile>
    <ClCompile Include="item_action.cpp">
      <Filter>소스 파일</Filter>
    </ClCompile>
    <ClCompile Include="iteminfor.cpp">
      <Filter>소스 파일</Filter>
    </ClCompile>
    <ClCompile Include="key.cpp">
      <Filter>소스 파일</Filter>
    </ClCompile>
    <ClCompile Include="mainloop.cpp">
      <Filter>소스 파일</Filter>
    </ClCompile>
    <ClCompile Include="make_item.cpp">
      <Filter>소스 파일</Filter>
    </ClCompile>
    <ClCompile Include="makechar.cpp">
      <Filter>소스 파일</Filter>
    </ClCompile>
    <ClCompile Include="map.cpp">
      <Filter>소스 파일</Filter>
    </ClCompile>
    <ClCompile Include="map_file.cpp">
      <Filter>소스 파일</Filter>
    </ClCompile>
    <ClCompile Include="map_pattern.cpp">
      <Filter>소스 파일</Filter>
    </ClCompile>
    <ClCompile Include="moninfor.cpp">
      <Filter>소스 파일</Filter>
    </ClCompile>
    <ClCompile Include="monster.cpp">
      <Filter>소스 파일</Filter>
    </ClCompile>
    <ClCompile Include="note.cpp">
      <Filter>소스 파일</Filter>
    </ClCompile>
    <ClCompile Include="player.cpp">
      <Filter>소스 파일</Filter>
    </ClCompile>
    <ClCompile Include="player_damage.cpp">
      <Filter>소스 파일</Filter>
    </ClCompile>
    <ClCompile Include="player_turnend.cpp">
      <Filter>소스 파일</Filter>
    </ClCompile>
    <ClCompile Include="pos.cpp">
      <Filter>소스 파일</Filter>
    </ClCompile>
    <ClCompile Include="potion.cpp">
      <Filter>소스 파일</Filter>
    </ClCompile>
    <ClCompile Include="projectile.cpp">
      <Filter>소스 파일</Filter>
    </ClCompile>
    <ClCompile Include="rect.cpp">
      <Filter>소스 파일</Filter>
    </ClCompile>
    <ClCompile Include="ring.cpp">
      <Filter>소스 파일</Filter>
    </ClCompile>
    <ClCompile Include="save.cpp">
      <Filter>소스 파일</Filter>
    </ClCompile>
    <ClCompile Include="scroll.cpp">
      <Filter>소스 파일</Filter>
    </ClCompile>
    <ClCompile Include="skill.cpp">
      <Filter>소스 파일</Filter>
    </ClCompile>
    <ClCompile Include="skill_use.cpp">
      <Filter>소스 파일</Filter>
    </ClCompile>
    <ClCompile Include="Skill2.cpp">
      <Filter>소스 파일</Filter>
    </ClCompile>
    <ClCompile Include="smoke.cpp">
      <Filter>소스 파일</Filter>
    </ClCompile>
    <ClCompile Include="speak.cpp">
      <Filter>소스 파일</Filter>
    </ClCompile>
    <ClCompile Include="spell.cpp">
      <Filter>소스 파일</Filter>
    </ClCompile>
    <ClCompile Include="spell_infor.cpp">
      <Filter>소스 파일</Filter>
    </ClCompile>
    <ClCompile Include="spell_use.cpp">
      <Filter>소스 파일</Filter>
    </ClCompile>
    <ClCompile Include="text_manager.cpp">
      <Filter>소스 파일</Filter>
    </ClCompile>
    <ClCompile Include="texture.cpp">
      <Filter>소스 파일</Filter>
    </ClCompile>
    <ClCompile Include="textureUtility.cpp">
      <Filter>소스 파일</Filter>
    </ClCompile>
    <ClCompile Include="throw.cpp">
      <Filter>소스 파일</Filter>
    </ClCompile>
    <ClCompile Include="tile.cpp">
      <Filter>소스 파일</Filter>
    </ClCompile>
    <ClCompile Include="weapon.cpp">
      <Filter>소스 파일</Filter>
    </ClCompile>
    <ClCompile Include="wiz.cpp">
      <Filter>소스 파일</Filter>
    </ClCompile>
    <ClCompile Include="spellcard.cpp">
      <Filter>소스 파일</Filter>
    </ClCompile>
    <ClCompile Include="temp.cpp">
      <Filter>소스 파일</Filter>
    </ClCompile>
    <ClCompile Include="temple_pattern.cpp">
      <Filter>소스 파일</Filter>
    </ClCompile>
    <ClCompile Include="summon.cpp">
      <Filter>소스 파일</Filter>
    </ClCompile>
    <ClCompile Include="floor.cpp">
      <Filter>소스 파일</Filter>
    </ClCompile>
    <ClCompile Include="atifact.cpp">
      <Filter>소스 파일</Filter>
    </ClCompile>
    <ClCompile Include="debuf.cpp">
      <Filter>소스 파일</Filter>
    </ClCompile>
    <ClCompile Include="tribe.cpp">
      <Filter>소스 파일</Filter>
    </ClCompile>
    <ClCompile Include="alchemy.cpp">
      <Filter>소스 파일</Filter>
    </ClCompile>
    <ClCompile Include="tensi.cpp">
      <Filter>소스 파일</Filter>
    </ClCompile>
    <ClCompile Include="swako.cpp">
      <Filter>소스 파일</Filter>
    </ClCompile>
  </ItemGroup>
  <ItemGroup>
    <ClInclude Include="Astar.h">
      <Filter>소스 파일</Filter>
    </ClInclude>
    <ClInclude Include="beam.h">
      <Filter>소스 파일</Filter>
    </ClInclude>
    <ClInclude Include="book.h">
      <Filter>소스 파일</Filter>
    </ClInclude>
    <ClInclude Include="common.h">
      <Filter>소스 파일</Filter>
    </ClInclude>
    <ClInclude Include="const.h">
      <Filter>소스 파일</Filter>
    </ClInclude>
    <ClInclude Include="d3dUtility.h">
      <Filter>소스 파일</Filter>
    </ClInclude>
    <ClInclude Include="display.h">
      <Filter>소스 파일</Filter>
    </ClInclude>
    <ClInclude Include="dump.h">
      <Filter>소스 파일</Filter>
    </ClInclude>
    <ClInclude Include="enum.h">
      <Filter>소스 파일</Filter>
    </ClInclude>
    <ClInclude Include="environment.h">
      <Filter>소스 파일</Filter>
    </ClInclude>
    <ClInclude Include="event.h">
      <Filter>소스 파일</Filter>
    </ClInclude>
    <ClInclude Include="Fliename.h">
      <Filter>소스 파일</Filter>
    </ClInclude>
    <ClInclude Include="FSM.h">
      <Filter>소스 파일</Filter>
    </ClInclude>
    <ClInclude Include="god.h">
      <Filter>소스 파일</Filter>
    </ClInclude>
    <ClInclude Include="item.h">
      <Filter>소스 파일</Filter>
    </ClInclude>
    <ClInclude Include="key.h">
      <Filter>소스 파일</Filter>
    </ClInclude>
    <ClInclude Include="map.h">
      <Filter>소스 파일</Filter>
    </ClInclude>
    <ClInclude Include="mon_infor.h">
      <Filter>소스 파일</Filter>
    </ClInclude>
    <ClInclude Include="monster.h">
      <Filter>소스 파일</Filter>
    </ClInclude>
    <ClInclude Include="monster_texture.h">
      <Filter>소스 파일</Filter>
    </ClInclude>
    <ClInclude Include="note.h">
      <Filter>소스 파일</Filter>
    </ClInclude>
    <ClInclude Include="player.h">
      <Filter>소스 파일</Filter>
    </ClInclude>
    <ClInclude Include="pos.h">
      <Filter>소스 파일</Filter>
    </ClInclude>
    <ClInclude Include="potion.h">
      <Filter>소스 파일</Filter>
    </ClInclude>
    <ClInclude Include="projectile.h">
      <Filter>소스 파일</Filter>
    </ClInclude>
    <ClInclude Include="rect.h">
      <Filter>소스 파일</Filter>
    </ClInclude>
    <ClInclude Include="ring.h">
      <Filter>소스 파일</Filter>
    </ClInclude>
    <ClInclude Include="save.h">
      <Filter>소스 파일</Filter>
    </ClInclude>
    <ClInclude Include="scroll.h">
      <Filter>소스 파일</Filter>
    </ClInclude>
    <ClInclude Include="skill.h">
      <Filter>소스 파일</Filter>
    </ClInclude>
    <ClInclude Include="skill_use.h">
      <Filter>소스 파일</Filter>
    </ClInclude>
    <ClInclude Include="smoke.h">
      <Filter>소스 파일</Filter>
    </ClInclude>
    <ClInclude Include="speak.h">
      <Filter>소스 파일</Filter>
    </ClInclude>
    <ClInclude Include="system.h">
      <Filter>소스 파일</Filter>
    </ClInclude>
    <ClInclude Include="texture.h">
      <Filter>소스 파일</Filter>
    </ClInclude>
    <ClInclude Include="textureUtility.h">
      <Filter>소스 파일</Filter>
    </ClInclude>
    <ClInclude Include="throw.h">
      <Filter>소스 파일</Filter>
    </ClInclude>
    <ClInclude Include="unit.h">
      <Filter>소스 파일</Filter>
    </ClInclude>
    <ClInclude Include="weapon.h">
      <Filter>소스 파일</Filter>
    </ClInclude>
    <ClInclude Include="spellcard.h">
      <Filter>소스 파일</Filter>
    </ClInclude>
    <ClInclude Include="summon.h">
      <Filter>소스 파일</Filter>
    </ClInclude>
    <ClInclude Include="floor.h">
      <Filter>소스 파일</Filter>
    </ClInclude>
    <ClInclude Include="atifact.h">
      <Filter>소스 파일</Filter>
    </ClInclude>
    <ClInclude Include="debuf.h">
      <Filter>소스 파일</Filter>
    </ClInclude>
    <ClInclude Include="tribe.h">
      <Filter>소스 파일</Filter>
    </ClInclude>
    <ClInclude Include="alchemy.h">
      <Filter>소스 파일</Filter>
    </ClInclude>
    <ClInclude Include="tensi.h">
      <Filter>소스 파일</Filter>
    </ClInclude>
    <ClInclude Include="swako.h">
      <Filter>소스 파일</Filter>
    </ClInclude>
  </ItemGroup>
  <ItemGroup>
    <None Include="data\floor.png">
      <Filter>리소스 파일</Filter>
    </None>
    <None Include="data\item.PNG">
      <Filter>리소스 파일</Filter>
    </None>
    <None Include="data\laser.PNG">
      <Filter>리소스 파일</Filter>
    </None>
    <None Include="data\monster.png">
      <Filter>리소스 파일</Filter>
    </None>
    <None Include="data\players.PNG">
      <Filter>리소스 파일</Filter>
    </None>
    <None Include="data\test.png">
      <Filter>리소스 파일</Filter>
    </None>
    <None Include="data\title.PNG">
      <Filter>리소스 파일</Filter>
    </None>
    <None Include="data\title_0.PNG">
      <Filter>리소스 파일</Filter>
    </None>
    <None Include="data\title2.PNG">
      <Filter>리소스 파일</Filter>
    </None>
    <None Include="data\dot\do.PNG">
      <Filter>리소스 파일</Filter>
    </None>
    <None Include="data\dot\dr.PNG">
      <Filter>리소스 파일</Filter>
    </None>
    <None Include="data\dot\fl.png">
      <Filter>리소스 파일</Filter>
    </None>
    <None Include="data\dot\it.PNG">
      <Filter>리소스 파일</Filter>
    </None>
    <None Include="data\dot\mo.PNG">
      <Filter>리소스 파일</Filter>
    </None>
    <None Include="data\dot\pl.PNG">
      <Filter>리소스 파일</Filter>
    </None>
    <None Include="data\dot\sight.PNG">
      <Filter>리소스 파일</Filter>
    </None>
    <None Include="data\dot\te.PNG">
      <Filter>리소스 파일</Filter>
    </None>
    <None Include="data\dot\up.PNG">
      <Filter>리소스 파일</Filter>
    </None>
    <None Include="data\dot\wa.png">
      <Filter>리소스 파일</Filter>
    </None>
    <None Include="data\title_1.PNG">
      <Filter>리소스 파일</Filter>
    </None>
    <None Include="data\dot\mf.png">
      <Filter>리소스 파일</Filter>
    </None>
    <None Include="data\dot\mw.png">
      <Filter>리소스 파일</Filter>
    </None>
  </ItemGroup>
</Project>