<?xml version="1.0" encoding="utf-8"?>
<Project ToolsVersion="4.0" xmlns="http://schemas.microsoft.com/developer/msbuild/2003">
  <ItemGroup>
    <Filter Include="Source Files">
      <UniqueIdentifier>{4FC737F1-C7A5-4376-A066-2A32D752A2FF}</UniqueIdentifier>
      <Extensions>cpp;c;cc;cxx;def;odl;idl;hpj;bat;asm;asmx</Extensions>
    </Filter>
    <Filter Include="Header Files">
      <UniqueIdentifier>{93995380-89BD-4b04-88EB-625FBE52EBFB}</UniqueIdentifier>
      <Extensions>h;hh;hpp;hxx;hm;inl;inc;xsd</Extensions>
    </Filter>
    <Filter Include="Resource Files">
      <UniqueIdentifier>{67DA6AB6-F800-4c08-8B7A-83BB121AAD01}</UniqueIdentifier>
      <Extensions>rc;ico;cur;bmp;dlg;rc2;rct;bin;rgs;gif;jpg;jpeg;jpe;resx;tiff;tif;png;wav</Extensions>
    </Filter>
  </ItemGroup>
  <ItemGroup>
    <ClCompile Include="action.cpp">
      <Filter>Source Files</Filter>
    </ClCompile>
    <ClCompile Include="alchemy.cpp">
      <Filter>Source Files</Filter>
    </ClCompile>
    <ClCompile Include="amulet.cpp">
      <Filter>Source Files</Filter>
    </ClCompile>
    <ClCompile Include="arena.cpp">
      <Filter>Source Files</Filter>
    </ClCompile>
    <ClCompile Include="armour.cpp">
      <Filter>Source Files</Filter>
    </ClCompile>
    <ClCompile Include="Astar.cpp">
      <Filter>Source Files</Filter>
    </ClCompile>
    <ClCompile Include="atifact.cpp">
      <Filter>Source Files</Filter>
    </ClCompile>
    <ClCompile Include="bamboo.cpp">
      <Filter>Source Files</Filter>
    </ClCompile>
    <ClCompile Include="beam.cpp">
      <Filter>Source Files</Filter>
    </ClCompile>
    <ClCompile Include="book.cpp">
      <Filter>Source Files</Filter>
    </ClCompile>
    <ClCompile Include="common.cpp">
      <Filter>Source Files</Filter>
    </ClCompile>
    <ClCompile Include="const.cpp">
      <Filter>Source Files</Filter>
    </ClCompile>
    <ClCompile Include="create_item.cpp">
      <Filter>Source Files</Filter>
    </ClCompile>
    <ClCompile Include="create_mon.cpp">
      <Filter>Source Files</Filter>
    </ClCompile>
    <ClCompile Include="d3dinit.cpp">
      <Filter>Source Files</Filter>
    </ClCompile>
    <ClCompile Include="d3dUtility.cpp">
      <Filter>Source Files</Filter>
    </ClCompile>
    <ClCompile Include="debuf.cpp">
      <Filter>Source Files</Filter>
    </ClCompile>
    <ClCompile Include="display.cpp">
      <Filter>Source Files</Filter>
    </ClCompile>
    <ClCompile Include="dump.cpp">
      <Filter>Source Files</Filter>
    </ClCompile>
    <ClCompile Include="environment.cpp">
      <Filter>Source Files</Filter>
    </ClCompile>
    <ClCompile Include="equip_action.cpp">
      <Filter>Source Files</Filter>
    </ClCompile>
    <ClCompile Include="event.cpp">
      <Filter>Source Files</Filter>
    </ClCompile>
    <ClCompile Include="evoke.cpp">
      <Filter>Source Files</Filter>
    </ClCompile>
    <ClCompile Include="floor.cpp">
      <Filter>Source Files</Filter>
    </ClCompile>
    <ClCompile Include="forbid.cpp">
      <Filter>Source Files</Filter>
    </ClCompile>
    <ClCompile Include="FSM.cpp">
      <Filter>Source Files</Filter>
    </ClCompile>
    <ClCompile Include="god.cpp">
      <Filter>Source Files</Filter>
    </ClCompile>
    <ClCompile Include="god_gift.cpp">
      <Filter>Source Files</Filter>
    </ClCompile>
    <ClCompile Include="help.cpp">
      <Filter>Source Files</Filter>
    </ClCompile>
    <ClCompile Include="item.cpp">
      <Filter>Source Files</Filter>
    </ClCompile>
    <ClCompile Include="iteminfor.cpp">
      <Filter>Source Files</Filter>
    </ClCompile>
    <ClCompile Include="item_action.cpp">
      <Filter>Source Files</Filter>
    </ClCompile>
    <ClCompile Include="key.cpp">
      <Filter>Source Files</Filter>
    </ClCompile>
    <ClCompile Include="lilly.cpp">
      <Filter>Source Files</Filter>
    </ClCompile>
    <ClCompile Include="mainloop.cpp">
      <Filter>Source Files</Filter>
    </ClCompile>
    <ClCompile Include="mainmenu.cpp">
      <Filter>Source Files</Filter>
    </ClCompile>
    <ClCompile Include="makechar.cpp">
      <Filter>Source Files</Filter>
    </ClCompile>
    <ClCompile Include="make_item.cpp">
      <Filter>Source Files</Filter>
    </ClCompile>
    <ClCompile Include="map.cpp">
      <Filter>Source Files</Filter>
    </ClCompile>
    <ClCompile Include="mapsearching.cpp">
      <Filter>Source Files</Filter>
    </ClCompile>
    <ClCompile Include="map_file.cpp">
      <Filter>Source Files</Filter>
    </ClCompile>
    <ClCompile Include="map_pattern.cpp">
      <Filter>Source Files</Filter>
    </ClCompile>
    <ClCompile Include="moninfor.cpp">
      <Filter>Source Files</Filter>
    </ClCompile>
    <ClCompile Include="monster.cpp">
      <Filter>Source Files</Filter>
    </ClCompile>
    <ClCompile Include="monster_list.cpp">
      <Filter>Source Files</Filter>
    </ClCompile>
    <ClCompile Include="network.cpp">
      <Filter>Source Files</Filter>
    </ClCompile>
    <ClCompile Include="note.cpp">
      <Filter>Source Files</Filter>
    </ClCompile>
    <ClCompile Include="option_manager.cpp">
      <Filter>Source Files</Filter>
    </ClCompile>
    <ClCompile Include="player.cpp">
      <Filter>Source Files</Filter>
    </ClCompile>
    <ClCompile Include="player_damage.cpp">
      <Filter>Source Files</Filter>
    </ClCompile>
    <ClCompile Include="player_turnend.cpp">
      <Filter>Source Files</Filter>
    </ClCompile>
    <ClCompile Include="pos.cpp">
      <Filter>Source Files</Filter>
    </ClCompile>
    <ClCompile Include="potion.cpp">
      <Filter>Source Files</Filter>
    </ClCompile>
    <ClCompile Include="projectile.cpp">
      <Filter>Source Files</Filter>
    </ClCompile>
    <ClCompile Include="rect.cpp">
      <Filter>Source Files</Filter>
    </ClCompile>
    <ClCompile Include="replay.cpp">
      <Filter>Source Files</Filter>
    </ClCompile>
    <ClCompile Include="ring.cpp">
      <Filter>Source Files</Filter>
    </ClCompile>
    <ClCompile Include="save.cpp">
      <Filter>Source Files</Filter>
    </ClCompile>
    <ClCompile Include="scroll.cpp">
      <Filter>Source Files</Filter>
    </ClCompile>
    <ClCompile Include="seija.cpp">
      <Filter>Source Files</Filter>
    </ClCompile>
    <ClCompile Include="skill.cpp">
      <Filter>Source Files</Filter>
    </ClCompile>
    <ClCompile Include="Skill2.cpp">
      <Filter>Source Files</Filter>
    </ClCompile>
    <ClCompile Include="skill_use.cpp">
      <Filter>Source Files</Filter>
    </ClCompile>
    <ClCompile Include="smoke.cpp">
      <Filter>Source Files</Filter>
    </ClCompile>
    <ClCompile Include="soundmanager.cpp">
      <Filter>Source Files</Filter>
    </ClCompile>
    <ClCompile Include="speak.cpp">
      <Filter>Source Files</Filter>
    </ClCompile>
    <ClCompile Include="spell.cpp">
      <Filter>Source Files</Filter>
    </ClCompile>
    <ClCompile Include="spellcard.cpp">
      <Filter>Source Files</Filter>
    </ClCompile>
    <ClCompile Include="spell_infor.cpp">
      <Filter>Source Files</Filter>
    </ClCompile>
    <ClCompile Include="spell_use.cpp">
      <Filter>Source Files</Filter>
    </ClCompile>
    <ClCompile Include="sprint.cpp">
      <Filter>Source Files</Filter>
    </ClCompile>
    <ClCompile Include="summon.cpp">
      <Filter>Source Files</Filter>
    </ClCompile>
    <ClCompile Include="swako.cpp">
      <Filter>Source Files</Filter>
    </ClCompile>
    <ClCompile Include="temp.cpp">
      <Filter>Source Files</Filter>
    </ClCompile>
    <ClCompile Include="temple_pattern.cpp">
      <Filter>Source Files</Filter>
    </ClCompile>
    <ClCompile Include="tensi.cpp">
      <Filter>Source Files</Filter>
    </ClCompile>
    <ClCompile Include="texture.cpp">
      <Filter>Source Files</Filter>
    </ClCompile>
    <ClCompile Include="textureUtility.cpp">
      <Filter>Source Files</Filter>
    </ClCompile>
    <ClCompile Include="text_manager.cpp">
      <Filter>Source Files</Filter>
    </ClCompile>
    <ClCompile Include="throw.cpp">
      <Filter>Source Files</Filter>
    </ClCompile>
    <ClCompile Include="tile.cpp">
      <Filter>Source Files</Filter>
    </ClCompile>
    <ClCompile Include="tribe.cpp">
      <Filter>Source Files</Filter>
    </ClCompile>
    <ClCompile Include="weapon.cpp">
      <Filter>Source Files</Filter>
    </ClCompile>
    <ClCompile Include="wiz.cpp">
      <Filter>Source Files</Filter>
    </ClCompile>
    <ClCompile Include="zigurrat.cpp">
      <Filter>Source Files</Filter>
    </ClCompile>
    <ClCompile Include="localization.cpp">
      <Filter>Source Files</Filter>
    </ClCompile>
    <ClCompile Include="steam_api.cpp">
      <Filter>Source Files</Filter>
    </ClCompile>
    <ClCompile Include="enumMapBuilder.cpp">
      <Filter>Source Files</Filter>
    </ClCompile>
  </ItemGroup>
  <ItemGroup>
    <ClInclude Include="alchemy.h">
      <Filter>Header Files</Filter>
    </ClInclude>
    <ClInclude Include="amulet.h">
      <Filter>Header Files</Filter>
    </ClInclude>
    <ClInclude Include="armour.h">
      <Filter>Header Files</Filter>
    </ClInclude>
    <ClInclude Include="Astar.h">
      <Filter>Header Files</Filter>
    </ClInclude>
    <ClInclude Include="atifact.h">
      <Filter>Header Files</Filter>
    </ClInclude>
    <ClInclude Include="beam.h">
      <Filter>Header Files</Filter>
    </ClInclude>
    <ClInclude Include="book.h">
      <Filter>Header Files</Filter>
    </ClInclude>
    <ClInclude Include="common.h">
      <Filter>Header Files</Filter>
    </ClInclude>
    <ClInclude Include="const.h">
      <Filter>Header Files</Filter>
    </ClInclude>
    <ClInclude Include="d3dUtility.h">
      <Filter>Header Files</Filter>
    </ClInclude>
    <ClInclude Include="debuf.h">
      <Filter>Header Files</Filter>
    </ClInclude>
    <ClInclude Include="display.h">
      <Filter>Header Files</Filter>
    </ClInclude>
    <ClInclude Include="dump.h">
      <Filter>Header Files</Filter>
    </ClInclude>
    <ClInclude Include="enum.h">
      <Filter>Header Files</Filter>
    </ClInclude>
    <ClInclude Include="environment.h">
      <Filter>Header Files</Filter>
    </ClInclude>
    <ClInclude Include="event.h">
      <Filter>Header Files</Filter>
    </ClInclude>
    <ClInclude Include="evoke.h">
      <Filter>Header Files</Filter>
    </ClInclude>
    <ClInclude Include="Fliename.h">
      <Filter>Header Files</Filter>
    </ClInclude>
    <ClInclude Include="floor.h">
      <Filter>Header Files</Filter>
    </ClInclude>
    <ClInclude Include="forbid.h">
      <Filter>Header Files</Filter>
    </ClInclude>
    <ClInclude Include="FSM.h">
      <Filter>Header Files</Filter>
    </ClInclude>
    <ClInclude Include="god.h">
      <Filter>Header Files</Filter>
    </ClInclude>
    <ClInclude Include="item.h">
      <Filter>Header Files</Filter>
    </ClInclude>
    <ClInclude Include="key.h">
      <Filter>Header Files</Filter>
    </ClInclude>
    <ClInclude Include="lilly.h">
      <Filter>Header Files</Filter>
    </ClInclude>
    <ClInclude Include="map.h">
      <Filter>Header Files</Filter>
    </ClInclude>
    <ClInclude Include="mapsearching.h">
      <Filter>Header Files</Filter>
    </ClInclude>
    <ClInclude Include="monster.h">
      <Filter>Header Files</Filter>
    </ClInclude>
    <ClInclude Include="monster_texture.h">
      <Filter>Header Files</Filter>
    </ClInclude>
    <ClInclude Include="mon_infor.h">
      <Filter>Header Files</Filter>
    </ClInclude>
    <ClInclude Include="network.h">
      <Filter>Header Files</Filter>
    </ClInclude>
    <ClInclude Include="note.h">
      <Filter>Header Files</Filter>
    </ClInclude>
    <ClInclude Include="option_manager.h">
      <Filter>Header Files</Filter>
    </ClInclude>
    <ClInclude Include="player.h">
      <Filter>Header Files</Filter>
    </ClInclude>
    <ClInclude Include="pos.h">
      <Filter>Header Files</Filter>
    </ClInclude>
    <ClInclude Include="potion.h">
      <Filter>Header Files</Filter>
    </ClInclude>
    <ClInclude Include="projectile.h">
      <Filter>Header Files</Filter>
    </ClInclude>
    <ClInclude Include="rand_shuffle.h">
      <Filter>Header Files</Filter>
    </ClInclude>
    <ClInclude Include="rect.h">
      <Filter>Header Files</Filter>
    </ClInclude>
    <ClInclude Include="replay.h">
      <Filter>Header Files</Filter>
    </ClInclude>
    <ClInclude Include="ring.h">
      <Filter>Header Files</Filter>
    </ClInclude>
    <ClInclude Include="save.h">
      <Filter>Header Files</Filter>
    </ClInclude>
    <ClInclude Include="scroll.h">
      <Filter>Header Files</Filter>
    </ClInclude>
    <ClInclude Include="seija.h">
      <Filter>Header Files</Filter>
    </ClInclude>
    <ClInclude Include="skill.h">
      <Filter>Header Files</Filter>
    </ClInclude>
    <ClInclude Include="skill_use.h">
      <Filter>Header Files</Filter>
    </ClInclude>
    <ClInclude Include="smoke.h">
      <Filter>Header Files</Filter>
    </ClInclude>
    <ClInclude Include="soundmanager.h">
      <Filter>Header Files</Filter>
    </ClInclude>
    <ClInclude Include="speak.h">
      <Filter>Header Files</Filter>
    </ClInclude>
    <ClInclude Include="spellcard.h">
      <Filter>Header Files</Filter>
    </ClInclude>
    <ClInclude Include="sprint.h">
      <Filter>Header Files</Filter>
    </ClInclude>
    <ClInclude Include="summon.h">
      <Filter>Header Files</Filter>
    </ClInclude>
    <ClInclude Include="swako.h">
      <Filter>Header Files</Filter>
    </ClInclude>
    <ClInclude Include="system.h">
      <Filter>Header Files</Filter>
    </ClInclude>
    <ClInclude Include="tensi.h">
      <Filter>Header Files</Filter>
    </ClInclude>
    <ClInclude Include="texture.h">
      <Filter>Header Files</Filter>
    </ClInclude>
    <ClInclude Include="textureUtility.h">
      <Filter>Header Files</Filter>
    </ClInclude>
    <ClInclude Include="throw.h">
      <Filter>Header Files</Filter>
    </ClInclude>
    <ClInclude Include="tribe.h">
      <Filter>Header Files</Filter>
    </ClInclude>
    <ClInclude Include="unit.h">
      <Filter>Header Files</Filter>
    </ClInclude>
    <ClInclude Include="weapon.h">
      <Filter>Header Files</Filter>
    </ClInclude>
    <ClInclude Include="zigurrat.h">
      <Filter>Header Files</Filter>
    </ClInclude>
    <ClInclude Include="localization.h">
      <Filter>Header Files</Filter>
    </ClInclude>
    <ClInclude Include="steam_api.h">
      <Filter>Header Files</Filter>
    </ClInclude>
    <ClInclude Include="enumMapBuilder.h">
      <Filter>Header Files</Filter>
    </ClInclude>
  </ItemGroup>
</Project>